// !$*UTF8*$!
{
	archiveVersion = 1;
	classes = {
	};
	objectVersion = 52;
	objects = {

/* Begin PBXBuildFile section */
		19BBE373264408F8001AB29A /* CallKitTestApp.swift in Sources */ = {isa = PBXBuildFile; fileRef = 19BBE372264408F8001AB29A /* CallKitTestApp.swift */; };
		19BBE375264408F8001AB29A /* ContentView.swift in Sources */ = {isa = PBXBuildFile; fileRef = 19BBE374264408F8001AB29A /* ContentView.swift */; };
		19BBE377264408FB001AB29A /* Assets.xcassets in Resources */ = {isa = PBXBuildFile; fileRef = 19BBE376264408FB001AB29A /* Assets.xcassets */; };
		19BBE37A264408FB001AB29A /* Preview Assets.xcassets in Resources */ = {isa = PBXBuildFile; fileRef = 19BBE379264408FB001AB29A /* Preview Assets.xcassets */; };
		19BBE38426440A9C001AB29A /* CloudKit.framework in Frameworks */ = {isa = PBXBuildFile; fileRef = 19BBE38326440A9C001AB29A /* CloudKit.framework */; };
		19BBE38C2644202A001AB29A /* AppDevWithSwiftLibrary in Frameworks */ = {isa = PBXBuildFile; productRef = 19BBE38B2644202A001AB29A /* AppDevWithSwiftLibrary */; };
		19BBE38E264424F0001AB29A /* ProviderDelegate.swift in Sources */ = {isa = PBXBuildFile; fileRef = 19BBE38D264424F0001AB29A /* ProviderDelegate.swift */; };
/* End PBXBuildFile section */

/* Begin PBXFileReference section */
		19BBE36F264408F8001AB29A /* CallKitTest.app */ = {isa = PBXFileReference; explicitFileType = wrapper.application; includeInIndex = 0; path = CallKitTest.app; sourceTree = BUILT_PRODUCTS_DIR; };
		19BBE372264408F8001AB29A /* CallKitTestApp.swift */ = {isa = PBXFileReference; lastKnownFileType = sourcecode.swift; path = CallKitTestApp.swift; sourceTree = "<group>"; };
		19BBE374264408F8001AB29A /* ContentView.swift */ = {isa = PBXFileReference; lastKnownFileType = sourcecode.swift; path = ContentView.swift; sourceTree = "<group>"; };
		19BBE376264408FB001AB29A /* Assets.xcassets */ = {isa = PBXFileReference; lastKnownFileType = folder.assetcatalog; path = Assets.xcassets; sourceTree = "<group>"; };
		19BBE379264408FB001AB29A /* Preview Assets.xcassets */ = {isa = PBXFileReference; lastKnownFileType = folder.assetcatalog; path = "Preview Assets.xcassets"; sourceTree = "<group>"; };
		19BBE37B264408FB001AB29A /* Info.plist */ = {isa = PBXFileReference; lastKnownFileType = text.plist.xml; path = Info.plist; sourceTree = "<group>"; };
		19BBE38126440A96001AB29A /* CallKitTest.entitlements */ = {isa = PBXFileReference; lastKnownFileType = text.plist.entitlements; path = CallKitTest.entitlements; sourceTree = "<group>"; };
		19BBE38326440A9C001AB29A /* CloudKit.framework */ = {isa = PBXFileReference; lastKnownFileType = wrapper.framework; name = CloudKit.framework; path = System/Library/Frameworks/CloudKit.framework; sourceTree = SDKROOT; };
		19BBE38D264424F0001AB29A /* ProviderDelegate.swift */ = {isa = PBXFileReference; lastKnownFileType = sourcecode.swift; path = ProviderDelegate.swift; sourceTree = "<group>"; };
/* End PBXFileReference section */

/* Begin PBXFrameworksBuildPhase section */
		19BBE36C264408F8001AB29A /* Frameworks */ = {
			isa = PBXFrameworksBuildPhase;
			buildActionMask = 2147483647;
			files = (
				19BBE38C2644202A001AB29A /* AppDevWithSwiftLibrary in Frameworks */,
				19BBE38426440A9C001AB29A /* CloudKit.framework in Frameworks */,
			);
			runOnlyForDeploymentPostprocessing = 0;
		};
/* End PBXFrameworksBuildPhase section */

/* Begin PBXGroup section */
		19BBE366264408F7001AB29A = {
			isa = PBXGroup;
			children = (
				19BBE371264408F8001AB29A /* CallKitTest */,
				19BBE370264408F8001AB29A /* Products */,
				19BBE38226440A9C001AB29A /* Frameworks */,
			);
			sourceTree = "<group>";
		};
		19BBE370264408F8001AB29A /* Products */ = {
			isa = PBXGroup;
			children = (
				19BBE36F264408F8001AB29A /* CallKitTest.app */,
			);
			name = Products;
			sourceTree = "<group>";
		};
		19BBE371264408F8001AB29A /* CallKitTest */ = {
			isa = PBXGroup;
			children = (
				19BBE38126440A96001AB29A /* CallKitTest.entitlements */,
				19BBE372264408F8001AB29A /* CallKitTestApp.swift */,
				19BBE374264408F8001AB29A /* ContentView.swift */,
				19BBE38D264424F0001AB29A /* ProviderDelegate.swift */,
				19BBE376264408FB001AB29A /* Assets.xcassets */,
				19BBE37B264408FB001AB29A /* Info.plist */,
				19BBE378264408FB001AB29A /* Preview Content */,
			);
			path = CallKitTest;
			sourceTree = "<group>";
		};
		19BBE378264408FB001AB29A /* Preview Content */ = {
			isa = PBXGroup;
			children = (
				19BBE379264408FB001AB29A /* Preview Assets.xcassets */,
			);
			path = "Preview Content";
			sourceTree = "<group>";
		};
		19BBE38226440A9C001AB29A /* Frameworks */ = {
			isa = PBXGroup;
			children = (
				19BBE38326440A9C001AB29A /* CloudKit.framework */,
			);
			name = Frameworks;
			sourceTree = "<group>";
		};
/* End PBXGroup section */

/* Begin PBXNativeTarget section */
		19BBE36E264408F8001AB29A /* CallKitTest */ = {
			isa = PBXNativeTarget;
			buildConfigurationList = 19BBE37E264408FB001AB29A /* Build configuration list for PBXNativeTarget "CallKitTest" */;
			buildPhases = (
				19BBE36B264408F8001AB29A /* Sources */,
				19BBE36C264408F8001AB29A /* Frameworks */,
				19BBE36D264408F8001AB29A /* Resources */,
			);
			buildRules = (
			);
			dependencies = (
			);
			name = CallKitTest;
			packageProductDependencies = (
				19BBE38B2644202A001AB29A /* AppDevWithSwiftLibrary */,
			);
			productName = CallKitTest;
			productReference = 19BBE36F264408F8001AB29A /* CallKitTest.app */;
			productType = "com.apple.product-type.application";
		};
/* End PBXNativeTarget section */

/* Begin PBXProject section */
		19BBE367264408F8001AB29A /* Project object */ = {
			isa = PBXProject;
			attributes = {
				LastSwiftUpdateCheck = 1250;
				LastUpgradeCheck = 1250;
				TargetAttributes = {
					19BBE36E264408F8001AB29A = {
						CreatedOnToolsVersion = 12.5;
					};
				};
			};
			buildConfigurationList = 19BBE36A264408F8001AB29A /* Build configuration list for PBXProject "CallKitTest" */;
			compatibilityVersion = "Xcode 9.3";
			developmentRegion = en;
			hasScannedForEncodings = 0;
			knownRegions = (
				en,
				Base,
			);
			mainGroup = 19BBE366264408F7001AB29A;
			packageReferences = (
				19BBE38A2644202A001AB29A /* XCRemoteSwiftPackageReference "AppDevWithSwiftLibrary" */,
			);
			productRefGroup = 19BBE370264408F8001AB29A /* Products */;
			projectDirPath = "";
			projectRoot = "";
			targets = (
				19BBE36E264408F8001AB29A /* CallKitTest */,
			);
		};
/* End PBXProject section */

/* Begin PBXResourcesBuildPhase section */
		19BBE36D264408F8001AB29A /* Resources */ = {
			isa = PBXResourcesBuildPhase;
			buildActionMask = 2147483647;
			files = (
				19BBE37A264408FB001AB29A /* Preview Assets.xcassets in Resources */,
				19BBE377264408FB001AB29A /* Assets.xcassets in Resources */,
			);
			runOnlyForDeploymentPostprocessing = 0;
		};
/* End PBXResourcesBuildPhase section */

/* Begin PBXSourcesBuildPhase section */
		19BBE36B264408F8001AB29A /* Sources */ = {
			isa = PBXSourcesBuildPhase;
			buildActionMask = 2147483647;
			files = (
				19BBE38E264424F0001AB29A /* ProviderDelegate.swift in Sources */,
				19BBE375264408F8001AB29A /* ContentView.swift in Sources */,
				19BBE373264408F8001AB29A /* CallKitTestApp.swift in Sources */,
			);
			runOnlyForDeploymentPostprocessing = 0;
		};
/* End PBXSourcesBuildPhase section */

/* Begin XCBuildConfiguration section */
		19BBE37C264408FB001AB29A /* Debug */ = {
			isa = XCBuildConfiguration;
			buildSettings = {
				ALWAYS_SEARCH_USER_PATHS = NO;
				CLANG_ANALYZER_NONNULL = YES;
				CLANG_ANALYZER_NUMBER_OBJECT_CONVERSION = YES_AGGRESSIVE;
				CLANG_CXX_LANGUAGE_STANDARD = "gnu++14";
				CLANG_CXX_LIBRARY = "libc++";
				CLANG_ENABLE_MODULES = YES;
				CLANG_ENABLE_OBJC_ARC = YES;
				CLANG_ENABLE_OBJC_WEAK = YES;
				CLANG_WARN_BLOCK_CAPTURE_AUTORELEASING = YES;
				CLANG_WARN_BOOL_CONVERSION = YES;
				CLANG_WARN_COMMA = YES;
				CLANG_WARN_CONSTANT_CONVERSION = YES;
				CLANG_WARN_DEPRECATED_OBJC_IMPLEMENTATIONS = YES;
				CLANG_WARN_DIRECT_OBJC_ISA_USAGE = YES_ERROR;
				CLANG_WARN_DOCUMENTATION_COMMENTS = YES;
				CLANG_WARN_EMPTY_BODY = YES;
				CLANG_WARN_ENUM_CONVERSION = YES;
				CLANG_WARN_INFINITE_RECURSION = YES;
				CLANG_WARN_INT_CONVERSION = YES;
				CLANG_WARN_NON_LITERAL_NULL_CONVERSION = YES;
				CLANG_WARN_OBJC_IMPLICIT_RETAIN_SELF = YES;
				CLANG_WARN_OBJC_LITERAL_CONVERSION = YES;
				CLANG_WARN_OBJC_ROOT_CLASS = YES_ERROR;
				CLANG_WARN_QUOTED_INCLUDE_IN_FRAMEWORK_HEADER = YES;
				CLANG_WARN_RANGE_LOOP_ANALYSIS = YES;
				CLANG_WARN_STRICT_PROTOTYPES = YES;
				CLANG_WARN_SUSPICIOUS_MOVE = YES;
				CLANG_WARN_UNGUARDED_AVAILABILITY = YES_AGGRESSIVE;
				CLANG_WARN_UNREACHABLE_CODE = YES;
				CLANG_WARN__DUPLICATE_METHOD_MATCH = YES;
				COPY_PHASE_STRIP = NO;
				DEBUG_INFORMATION_FORMAT = dwarf;
				ENABLE_STRICT_OBJC_MSGSEND = YES;
				ENABLE_TESTABILITY = YES;
				GCC_C_LANGUAGE_STANDARD = gnu11;
				GCC_DYNAMIC_NO_PIC = NO;
				GCC_NO_COMMON_BLOCKS = YES;
				GCC_OPTIMIZATION_LEVEL = 0;
				GCC_PREPROCESSOR_DEFINITIONS = (
					"DEBUG=1",
					"$(inherited)",
				);
				GCC_WARN_64_TO_32_BIT_CONVERSION = YES;
				GCC_WARN_ABOUT_RETURN_TYPE = YES_ERROR;
				GCC_WARN_UNDECLARED_SELECTOR = YES;
				GCC_WARN_UNINITIALIZED_AUTOS = YES_AGGRESSIVE;
				GCC_WARN_UNUSED_FUNCTION = YES;
				GCC_WARN_UNUSED_VARIABLE = YES;
				IPHONEOS_DEPLOYMENT_TARGET = 14.5;
				MTL_ENABLE_DEBUG_INFO = INCLUDE_SOURCE;
				MTL_FAST_MATH = YES;
				ONLY_ACTIVE_ARCH = YES;
				SDKROOT = iphoneos;
				SWIFT_ACTIVE_COMPILATION_CONDITIONS = DEBUG;
				SWIFT_OPTIMIZATION_LEVEL = "-Onone";
			};
			name = Debug;
		};
		19BBE37D264408FB001AB29A /* Release */ = {
			isa = XCBuildConfiguration;
			buildSettings = {
				ALWAYS_SEARCH_USER_PATHS = NO;
				CLANG_ANALYZER_NONNULL = YES;
				CLANG_ANALYZER_NUMBER_OBJECT_CONVERSION = YES_AGGRESSIVE;
				CLANG_CXX_LANGUAGE_STANDARD = "gnu++14";
				CLANG_CXX_LIBRARY = "libc++";
				CLANG_ENABLE_MODULES = YES;
				CLANG_ENABLE_OBJC_ARC = YES;
				CLANG_ENABLE_OBJC_WEAK = YES;
				CLANG_WARN_BLOCK_CAPTURE_AUTORELEASING = YES;
				CLANG_WARN_BOOL_CONVERSION = YES;
				CLANG_WARN_COMMA = YES;
				CLANG_WARN_CONSTANT_CONVERSION = YES;
				CLANG_WARN_DEPRECATED_OBJC_IMPLEMENTATIONS = YES;
				CLANG_WARN_DIRECT_OBJC_ISA_USAGE = YES_ERROR;
				CLANG_WARN_DOCUMENTATION_COMMENTS = YES;
				CLANG_WARN_EMPTY_BODY = YES;
				CLANG_WARN_ENUM_CONVERSION = YES;
				CLANG_WARN_INFINITE_RECURSION = YES;
				CLANG_WARN_INT_CONVERSION = YES;
				CLANG_WARN_NON_LITERAL_NULL_CONVERSION = YES;
				CLANG_WARN_OBJC_IMPLICIT_RETAIN_SELF = YES;
				CLANG_WARN_OBJC_LITERAL_CONVERSION = YES;
				CLANG_WARN_OBJC_ROOT_CLASS = YES_ERROR;
				CLANG_WARN_QUOTED_INCLUDE_IN_FRAMEWORK_HEADER = YES;
				CLANG_WARN_RANGE_LOOP_ANALYSIS = YES;
				CLANG_WARN_STRICT_PROTOTYPES = YES;
				CLANG_WARN_SUSPICIOUS_MOVE = YES;
				CLANG_WARN_UNGUARDED_AVAILABILITY = YES_AGGRESSIVE;
				CLANG_WARN_UNREACHABLE_CODE = YES;
				CLANG_WARN__DUPLICATE_METHOD_MATCH = YES;
				COPY_PHASE_STRIP = NO;
				DEBUG_INFORMATION_FORMAT = "dwarf-with-dsym";
				ENABLE_NS_ASSERTIONS = NO;
				ENABLE_STRICT_OBJC_MSGSEND = YES;
				GCC_C_LANGUAGE_STANDARD = gnu11;
				GCC_NO_COMMON_BLOCKS = YES;
				GCC_WARN_64_TO_32_BIT_CONVERSION = YES;
				GCC_WARN_ABOUT_RETURN_TYPE = YES_ERROR;
				GCC_WARN_UNDECLARED_SELECTOR = YES;
				GCC_WARN_UNINITIALIZED_AUTOS = YES_AGGRESSIVE;
				GCC_WARN_UNUSED_FUNCTION = YES;
				GCC_WARN_UNUSED_VARIABLE = YES;
				IPHONEOS_DEPLOYMENT_TARGET = 14.5;
				MTL_ENABLE_DEBUG_INFO = NO;
				MTL_FAST_MATH = YES;
				SDKROOT = iphoneos;
				SWIFT_COMPILATION_MODE = wholemodule;
				SWIFT_OPTIMIZATION_LEVEL = "-O";
				VALIDATE_PRODUCT = YES;
			};
			name = Release;
		};
		19BBE37F264408FB001AB29A /* Debug */ = {
			isa = XCBuildConfiguration;
			buildSettings = {
				ASSETCATALOG_COMPILER_APPICON_NAME = AppIcon;
				ASSETCATALOG_COMPILER_GLOBAL_ACCENT_COLOR_NAME = AccentColor;
				CODE_SIGN_ENTITLEMENTS = CallKitTest/CallKitTest.entitlements;
				CODE_SIGN_STYLE = Automatic;
				DEVELOPMENT_ASSET_PATHS = "\"CallKitTest/Preview Content\"";
				DEVELOPMENT_TEAM = 4K7853APAS;
				ENABLE_PREVIEWS = YES;
				INFOPLIST_FILE = CallKitTest/Info.plist;
				IPHONEOS_DEPLOYMENT_TARGET = 14.0;
				LD_RUNPATH_SEARCH_PATHS = (
					"$(inherited)",
					"@executable_path/Frameworks",
				);
				PRODUCT_BUNDLE_IDENTIFIER = com.thewcl.CallKitTest;
				PRODUCT_NAME = "$(TARGET_NAME)";
				SWIFT_VERSION = 5.0;
				TARGETED_DEVICE_FAMILY = "1,2";
			};
			name = Debug;
		};
		19BBE380264408FB001AB29A /* Release */ = {
			isa = XCBuildConfiguration;
			buildSettings = {
				ASSETCATALOG_COMPILER_APPICON_NAME = AppIcon;
				ASSETCATALOG_COMPILER_GLOBAL_ACCENT_COLOR_NAME = AccentColor;
				CODE_SIGN_ENTITLEMENTS = CallKitTest/CallKitTest.entitlements;
				CODE_SIGN_STYLE = Automatic;
				DEVELOPMENT_ASSET_PATHS = "\"CallKitTest/Preview Content\"";
				DEVELOPMENT_TEAM = 4K7853APAS;
				ENABLE_PREVIEWS = YES;
				INFOPLIST_FILE = CallKitTest/Info.plist;
				IPHONEOS_DEPLOYMENT_TARGET = 14.0;
				LD_RUNPATH_SEARCH_PATHS = (
					"$(inherited)",
					"@executable_path/Frameworks",
				);
				PRODUCT_BUNDLE_IDENTIFIER = com.thewcl.CallKitTest;
				PRODUCT_NAME = "$(TARGET_NAME)";
				SWIFT_VERSION = 5.0;
				TARGETED_DEVICE_FAMILY = "1,2";
			};
			name = Release;
		};
/* End XCBuildConfiguration section */

/* Begin XCConfigurationList section */
		19BBE36A264408F8001AB29A /* Build configuration list for PBXProject "CallKitTest" */ = {
			isa = XCConfigurationList;
			buildConfigurations = (
				19BBE37C264408FB001AB29A /* Debug */,
				19BBE37D264408FB001AB29A /* Release */,
			);
			defaultConfigurationIsVisible = 0;
			defaultConfigurationName = Release;
		};
		19BBE37E264408FB001AB29A /* Build configuration list for PBXNativeTarget "CallKitTest" */ = {
			isa = XCConfigurationList;
			buildConfigurations = (
				19BBE37F264408FB001AB29A /* Debug */,
				19BBE380264408FB001AB29A /* Release */,
			);
			defaultConfigurationIsVisible = 0;
			defaultConfigurationName = Release;
		};
/* End XCConfigurationList section */

/* Begin XCRemoteSwiftPackageReference section */
		19BBE38A2644202A001AB29A /* XCRemoteSwiftPackageReference "AppDevWithSwiftLibrary" */ = {
			isa = XCRemoteSwiftPackageReference;
			repositoryURL = "https://github.com/iitgrad/AppDevWithSwiftLibrary.git";
			requirement = {
				kind = upToNextMajorVersion;
				minimumVersion = 1.9.0;
			};
		};
/* End XCRemoteSwiftPackageReference section */

/* Begin XCSwiftPackageProductDependency section */
		19BBE38B2644202A001AB29A /* AppDevWithSwiftLibrary */ = {
			isa = XCSwiftPackageProductDependency;
			package = 19BBE38A2644202A001AB29A /* XCRemoteSwiftPackageReference "AppDevWithSwiftLibrary" */;
			productName = AppDevWithSwiftLibrary;
		};
/* End XCSwiftPackageProductDependency section */
	};
	rootObject = 19BBE367264408F8001AB29A /* Project object */;
}
